// !$*UTF8*$!
{
	archiveVersion = 1;
	classes = {
	};
	objectVersion = 55;
	objects = {

/* Begin PBXBuildFile section */
		F75E265429069C6600682C8E /* AppDelegate.swift in Sources */ = {isa = PBXBuildFile; fileRef = F75E265329069C6600682C8E /* AppDelegate.swift */; };
		F75E265629069C6600682C8E /* SceneDelegate.swift in Sources */ = {isa = PBXBuildFile; fileRef = F75E265529069C6600682C8E /* SceneDelegate.swift */; };
		F75E265829069C6600682C8E /* ViewController.swift in Sources */ = {isa = PBXBuildFile; fileRef = F75E265729069C6600682C8E /* ViewController.swift */; };
		F75E265B29069C6600682C8E /* Main.storyboard in Resources */ = {isa = PBXBuildFile; fileRef = F75E265929069C6600682C8E /* Main.storyboard */; };
		F75E265D29069C6700682C8E /* Assets.xcassets in Resources */ = {isa = PBXBuildFile; fileRef = F75E265C29069C6700682C8E /* Assets.xcassets */; };
		F75E266029069C6700682C8E /* LaunchScreen.storyboard in Resources */ = {isa = PBXBuildFile; fileRef = F75E265E29069C6700682C8E /* LaunchScreen.storyboard */; };
		F75E266B29069C6700682C8E /* BrandolTests.swift in Sources */ = {isa = PBXBuildFile; fileRef = F75E266A29069C6700682C8E /* BrandolTests.swift */; };
		F75E267529069C6700682C8E /* BrandolUITests.swift in Sources */ = {isa = PBXBuildFile; fileRef = F75E267429069C6700682C8E /* BrandolUITests.swift */; };
		F75E267729069C6700682C8E /* BrandolUITestsLaunchTests.swift in Sources */ = {isa = PBXBuildFile; fileRef = F75E267629069C6700682C8E /* BrandolUITestsLaunchTests.swift */; };
/* End PBXBuildFile section */

/* Begin PBXContainerItemProxy section */
		F75E266729069C6700682C8E /* PBXContainerItemProxy */ = {
			isa = PBXContainerItemProxy;
			containerPortal = F75E264829069C6600682C8E /* Project object */;
			proxyType = 1;
			remoteGlobalIDString = F75E264F29069C6600682C8E;
			remoteInfo = Brandol;
		};
		F75E267129069C6700682C8E /* PBXContainerItemProxy */ = {
			isa = PBXContainerItemProxy;
			containerPortal = F75E264829069C6600682C8E /* Project object */;
			proxyType = 1;
			remoteGlobalIDString = F75E264F29069C6600682C8E;
			remoteInfo = Brandol;
		};
/* End PBXContainerItemProxy section */

/* Begin PBXFileReference section */
		F75E265029069C6600682C8E /* Brandol.app */ = {isa = PBXFileReference; explicitFileType = wrapper.application; includeInIndex = 0; path = Brandol.app; sourceTree = BUILT_PRODUCTS_DIR; };
		F75E265329069C6600682C8E /* AppDelegate.swift */ = {isa = PBXFileReference; lastKnownFileType = sourcecode.swift; path = AppDelegate.swift; sourceTree = "<group>"; };
		F75E265529069C6600682C8E /* SceneDelegate.swift */ = {isa = PBXFileReference; lastKnownFileType = sourcecode.swift; path = SceneDelegate.swift; sourceTree = "<group>"; };
		F75E265729069C6600682C8E /* ViewController.swift */ = {isa = PBXFileReference; lastKnownFileType = sourcecode.swift; path = ViewController.swift; sourceTree = "<group>"; };
		F75E265A29069C6600682C8E /* Base */ = {isa = PBXFileReference; lastKnownFileType = file.storyboard; name = Base; path = Base.lproj/Main.storyboard; sourceTree = "<group>"; };
		F75E265C29069C6700682C8E /* Assets.xcassets */ = {isa = PBXFileReference; lastKnownFileType = folder.assetcatalog; path = Assets.xcassets; sourceTree = "<group>"; };
		F75E265F29069C6700682C8E /* Base */ = {isa = PBXFileReference; lastKnownFileType = file.storyboard; name = Base; path = Base.lproj/LaunchScreen.storyboard; sourceTree = "<group>"; };
		F75E266129069C6700682C8E /* Info.plist */ = {isa = PBXFileReference; lastKnownFileType = text.plist.xml; path = Info.plist; sourceTree = "<group>"; };
		F75E266629069C6700682C8E /* BrandolTests.xctest */ = {isa = PBXFileReference; explicitFileType = wrapper.cfbundle; includeInIndex = 0; path = BrandolTests.xctest; sourceTree = BUILT_PRODUCTS_DIR; };
		F75E266A29069C6700682C8E /* BrandolTests.swift */ = {isa = PBXFileReference; lastKnownFileType = sourcecode.swift; path = BrandolTests.swift; sourceTree = "<group>"; };
		F75E267029069C6700682C8E /* BrandolUITests.xctest */ = {isa = PBXFileReference; explicitFileType = wrapper.cfbundle; includeInIndex = 0; path = BrandolUITests.xctest; sourceTree = BUILT_PRODUCTS_DIR; };
		F75E267429069C6700682C8E /* BrandolUITests.swift */ = {isa = PBXFileReference; lastKnownFileType = sourcecode.swift; path = BrandolUITests.swift; sourceTree = "<group>"; };
		F75E267629069C6700682C8E /* BrandolUITestsLaunchTests.swift */ = {isa = PBXFileReference; lastKnownFileType = sourcecode.swift; path = BrandolUITestsLaunchTests.swift; sourceTree = "<group>"; };
/* End PBXFileReference section */

/* Begin PBXFrameworksBuildPhase section */
		F75E264D29069C6600682C8E /* Frameworks */ = {
			isa = PBXFrameworksBuildPhase;
			buildActionMask = 2147483647;
			files = (
			);
			runOnlyForDeploymentPostprocessing = 0;
		};
		F75E266329069C6700682C8E /* Frameworks */ = {
			isa = PBXFrameworksBuildPhase;
			buildActionMask = 2147483647;
			files = (
			);
			runOnlyForDeploymentPostprocessing = 0;
		};
		F75E266D29069C6700682C8E /* Frameworks */ = {
			isa = PBXFrameworksBuildPhase;
			buildActionMask = 2147483647;
			files = (
			);
			runOnlyForDeploymentPostprocessing = 0;
		};
/* End PBXFrameworksBuildPhase section */

/* Begin PBXGroup section */
		F75E264729069C6600682C8E = {
			isa = PBXGroup;
			children = (
				F75E265229069C6600682C8E /* Brandol */,
				F75E266929069C6700682C8E /* BrandolTests */,
				F75E267329069C6700682C8E /* BrandolUITests */,
				F75E265129069C6600682C8E /* Products */,
			);
			sourceTree = "<group>";
		};
		F75E265129069C6600682C8E /* Products */ = {
			isa = PBXGroup;
			children = (
				F75E265029069C6600682C8E /* Brandol.app */,
				F75E266629069C6700682C8E /* BrandolTests.xctest */,
				F75E267029069C6700682C8E /* BrandolUITests.xctest */,
			);
			name = Products;
			sourceTree = "<group>";
		};
		F75E265229069C6600682C8E /* Brandol */ = {
			isa = PBXGroup;
			children = (
				F75E265329069C6600682C8E /* AppDelegate.swift */,
				F75E265529069C6600682C8E /* SceneDelegate.swift */,
				F75E265729069C6600682C8E /* ViewController.swift */,
				F75E265929069C6600682C8E /* Main.storyboard */,
				F75E265C29069C6700682C8E /* Assets.xcassets */,
				F75E265E29069C6700682C8E /* LaunchScreen.storyboard */,
				F75E266129069C6700682C8E /* Info.plist */,
			);
			path = Brandol;
			sourceTree = "<group>";
		};
		F75E266929069C6700682C8E /* BrandolTests */ = {
			isa = PBXGroup;
			children = (
				F75E266A29069C6700682C8E /* BrandolTests.swift */,
			);
			path = BrandolTests;
			sourceTree = "<group>";
		};
		F75E267329069C6700682C8E /* BrandolUITests */ = {
			isa = PBXGroup;
			children = (
				F75E267429069C6700682C8E /* BrandolUITests.swift */,
				F75E267629069C6700682C8E /* BrandolUITestsLaunchTests.swift */,
			);
			path = BrandolUITests;
			sourceTree = "<group>";
		};
/* End PBXGroup section */

/* Begin PBXNativeTarget section */
		F75E264F29069C6600682C8E /* Brandol */ = {
			isa = PBXNativeTarget;
			buildConfigurationList = F75E267A29069C6700682C8E /* Build configuration list for PBXNativeTarget "Brandol" */;
			buildPhases = (
				F75E264C29069C6600682C8E /* Sources */,
				F75E264D29069C6600682C8E /* Frameworks */,
				F75E264E29069C6600682C8E /* Resources */,
			);
			buildRules = (
			);
			dependencies = (
			);
			name = Brandol;
			productName = Brandol;
			productReference = F75E265029069C6600682C8E /* Brandol.app */;
			productType = "com.apple.product-type.application";
		};
		F75E266529069C6700682C8E /* BrandolTests */ = {
			isa = PBXNativeTarget;
			buildConfigurationList = F75E267D29069C6700682C8E /* Build configuration list for PBXNativeTarget "BrandolTests" */;
			buildPhases = (
				F75E266229069C6700682C8E /* Sources */,
				F75E266329069C6700682C8E /* Frameworks */,
				F75E266429069C6700682C8E /* Resources */,
			);
			buildRules = (
			);
			dependencies = (
				F75E266829069C6700682C8E /* PBXTargetDependency */,
			);
			name = BrandolTests;
			productName = BrandolTests;
			productReference = F75E266629069C6700682C8E /* BrandolTests.xctest */;
			productType = "com.apple.product-type.bundle.unit-test";
		};
		F75E266F29069C6700682C8E /* BrandolUITests */ = {
			isa = PBXNativeTarget;
			buildConfigurationList = F75E268029069C6700682C8E /* Build configuration list for PBXNativeTarget "BrandolUITests" */;
			buildPhases = (
				F75E266C29069C6700682C8E /* Sources */,
				F75E266D29069C6700682C8E /* Frameworks */,
				F75E266E29069C6700682C8E /* Resources */,
			);
			buildRules = (
			);
			dependencies = (
				F75E267229069C6700682C8E /* PBXTargetDependency */,
			);
			name = BrandolUITests;
			productName = BrandolUITests;
			productReference = F75E267029069C6700682C8E /* BrandolUITests.xctest */;
			productType = "com.apple.product-type.bundle.ui-testing";
		};
/* End PBXNativeTarget section */

/* Begin PBXProject section */
		F75E264829069C6600682C8E /* Project object */ = {
			isa = PBXProject;
			attributes = {
				BuildIndependentTargetsInParallel = 1;
				LastSwiftUpdateCheck = 1340;
				LastUpgradeCheck = 1340;
				TargetAttributes = {
					F75E264F29069C6600682C8E = {
						CreatedOnToolsVersion = 13.4.1;
					};
					F75E266529069C6700682C8E = {
						CreatedOnToolsVersion = 13.4.1;
						TestTargetID = F75E264F29069C6600682C8E;
					};
					F75E266F29069C6700682C8E = {
						CreatedOnToolsVersion = 13.4.1;
						TestTargetID = F75E264F29069C6600682C8E;
					};
				};
			};
			buildConfigurationList = F75E264B29069C6600682C8E /* Build configuration list for PBXProject "Brandol" */;
			compatibilityVersion = "Xcode 13.0";
			developmentRegion = en;
			hasScannedForEncodings = 0;
			knownRegions = (
				en,
				Base,
			);
			mainGroup = F75E264729069C6600682C8E;
			productRefGroup = F75E265129069C6600682C8E /* Products */;
			projectDirPath = "";
			projectRoot = "";
			targets = (
				F75E264F29069C6600682C8E /* Brandol */,
				F75E266529069C6700682C8E /* BrandolTests */,
				F75E266F29069C6700682C8E /* BrandolUITests */,
			);
		};
/* End PBXProject section */

/* Begin PBXResourcesBuildPhase section */
		F75E264E29069C6600682C8E /* Resources */ = {
			isa = PBXResourcesBuildPhase;
			buildActionMask = 2147483647;
			files = (
				F75E266029069C6700682C8E /* LaunchScreen.storyboard in Resources */,
				F75E265D29069C6700682C8E /* Assets.xcassets in Resources */,
				F75E265B29069C6600682C8E /* Main.storyboard in Resources */,
			);
			runOnlyForDeploymentPostprocessing = 0;
		};
		F75E266429069C6700682C8E /* Resources */ = {
			isa = PBXResourcesBuildPhase;
			buildActionMask = 2147483647;
			files = (
			);
			runOnlyForDeploymentPostprocessing = 0;
		};
		F75E266E29069C6700682C8E /* Resources */ = {
			isa = PBXResourcesBuildPhase;
			buildActionMask = 2147483647;
			files = (
			);
			runOnlyForDeploymentPostprocessing = 0;
		};
/* End PBXResourcesBuildPhase section */

/* Begin PBXSourcesBuildPhase section */
		F75E264C29069C6600682C8E /* Sources */ = {
			isa = PBXSourcesBuildPhase;
			buildActionMask = 2147483647;
			files = (
				F75E265829069C6600682C8E /* ViewController.swift in Sources */,
				F75E265429069C6600682C8E /* AppDelegate.swift in Sources */,
				F75E265629069C6600682C8E /* SceneDelegate.swift in Sources */,
			);
			runOnlyForDeploymentPostprocessing = 0;
		};
		F75E266229069C6700682C8E /* Sources */ = {
			isa = PBXSourcesBuildPhase;
			buildActionMask = 2147483647;
			files = (
				F75E266B29069C6700682C8E /* BrandolTests.swift in Sources */,
			);
			runOnlyForDeploymentPostprocessing = 0;
		};
		F75E266C29069C6700682C8E /* Sources */ = {
			isa = PBXSourcesBuildPhase;
			buildActionMask = 2147483647;
			files = (
				F75E267529069C6700682C8E /* BrandolUITests.swift in Sources */,
				F75E267729069C6700682C8E /* BrandolUITestsLaunchTests.swift in Sources */,
			);
			runOnlyForDeploymentPostprocessing = 0;
		};
/* End PBXSourcesBuildPhase section */

/* Begin PBXTargetDependency section */
		F75E266829069C6700682C8E /* PBXTargetDependency */ = {
			isa = PBXTargetDependency;
			target = F75E264F29069C6600682C8E /* Brandol */;
			targetProxy = F75E266729069C6700682C8E /* PBXContainerItemProxy */;
		};
		F75E267229069C6700682C8E /* PBXTargetDependency */ = {
			isa = PBXTargetDependency;
			target = F75E264F29069C6600682C8E /* Brandol */;
			targetProxy = F75E267129069C6700682C8E /* PBXContainerItemProxy */;
		};
/* End PBXTargetDependency section */

/* Begin PBXVariantGroup section */
		F75E265929069C6600682C8E /* Main.storyboard */ = {
			isa = PBXVariantGroup;
			children = (
				F75E265A29069C6600682C8E /* Base */,
			);
			name = Main.storyboard;
			sourceTree = "<group>";
		};
		F75E265E29069C6700682C8E /* LaunchScreen.storyboard */ = {
			isa = PBXVariantGroup;
			children = (
				F75E265F29069C6700682C8E /* Base */,
			);
			name = LaunchScreen.storyboard;
			sourceTree = "<group>";
		};
/* End PBXVariantGroup section */

/* Begin XCBuildConfiguration section */
		F75E267829069C6700682C8E /* Debug */ = {
			isa = XCBuildConfiguration;
			buildSettings = {
				ALWAYS_SEARCH_USER_PATHS = NO;
				CLANG_ANALYZER_NONNULL = YES;
				CLANG_ANALYZER_NUMBER_OBJECT_CONVERSION = YES_AGGRESSIVE;
				CLANG_CXX_LANGUAGE_STANDARD = "gnu++17";
				CLANG_ENABLE_MODULES = YES;
				CLANG_ENABLE_OBJC_ARC = YES;
				CLANG_ENABLE_OBJC_WEAK = YES;
				CLANG_WARN_BLOCK_CAPTURE_AUTORELEASING = YES;
				CLANG_WARN_BOOL_CONVERSION = YES;
				CLANG_WARN_COMMA = YES;
				CLANG_WARN_CONSTANT_CONVERSION = YES;
				CLANG_WARN_DEPRECATED_OBJC_IMPLEMENTATIONS = YES;
				CLANG_WARN_DIRECT_OBJC_ISA_USAGE = YES_ERROR;
				CLANG_WARN_DOCUMENTATION_COMMENTS = YES;
				CLANG_WARN_EMPTY_BODY = YES;
				CLANG_WARN_ENUM_CONVERSION = YES;
				CLANG_WARN_INFINITE_RECURSION = YES;
				CLANG_WARN_INT_CONVERSION = YES;
				CLANG_WARN_NON_LITERAL_NULL_CONVERSION = YES;
				CLANG_WARN_OBJC_IMPLICIT_RETAIN_SELF = YES;
				CLANG_WARN_OBJC_LITERAL_CONVERSION = YES;
				CLANG_WARN_OBJC_ROOT_CLASS = YES_ERROR;
				CLANG_WARN_QUOTED_INCLUDE_IN_FRAMEWORK_HEADER = YES;
				CLANG_WARN_RANGE_LOOP_ANALYSIS = YES;
				CLANG_WARN_STRICT_PROTOTYPES = YES;
				CLANG_WARN_SUSPICIOUS_MOVE = YES;
				CLANG_WARN_UNGUARDED_AVAILABILITY = YES_AGGRESSIVE;
				CLANG_WARN_UNREACHABLE_CODE = YES;
				CLANG_WARN__DUPLICATE_METHOD_MATCH = YES;
				COPY_PHASE_STRIP = NO;
				DEBUG_INFORMATION_FORMAT = dwarf;
				ENABLE_STRICT_OBJC_MSGSEND = YES;
				ENABLE_TESTABILITY = YES;
				GCC_C_LANGUAGE_STANDARD = gnu11;
				GCC_DYNAMIC_NO_PIC = NO;
				GCC_NO_COMMON_BLOCKS = YES;
				GCC_OPTIMIZATION_LEVEL = 0;
				GCC_PREPROCESSOR_DEFINITIONS = (
					"DEBUG=1",
					"$(inherited)",
				);
				GCC_WARN_64_TO_32_BIT_CONVERSION = YES;
				GCC_WARN_ABOUT_RETURN_TYPE = YES_ERROR;
				GCC_WARN_UNDECLARED_SELECTOR = YES;
				GCC_WARN_UNINITIALIZED_AUTOS = YES_AGGRESSIVE;
				GCC_WARN_UNUSED_FUNCTION = YES;
				GCC_WARN_UNUSED_VARIABLE = YES;
				IPHONEOS_DEPLOYMENT_TARGET = 15.5;
				MTL_ENABLE_DEBUG_INFO = INCLUDE_SOURCE;
				MTL_FAST_MATH = YES;
				ONLY_ACTIVE_ARCH = YES;
				SDKROOT = iphoneos;
				SWIFT_ACTIVE_COMPILATION_CONDITIONS = DEBUG;
				SWIFT_OPTIMIZATION_LEVEL = "-Onone";
			};
			name = Debug;
		};
		F75E267929069C6700682C8E /* Release */ = {
			isa = XCBuildConfiguration;
			buildSettings = {
				ALWAYS_SEARCH_USER_PATHS = NO;
				CLANG_ANALYZER_NONNULL = YES;
				CLANG_ANALYZER_NUMBER_OBJECT_CONVERSION = YES_AGGRESSIVE;
				CLANG_CXX_LANGUAGE_STANDARD = "gnu++17";
				CLANG_ENABLE_MODULES = YES;
				CLANG_ENABLE_OBJC_ARC = YES;
				CLANG_ENABLE_OBJC_WEAK = YES;
				CLANG_WARN_BLOCK_CAPTURE_AUTORELEASING = YES;
				CLANG_WARN_BOOL_CONVERSION = YES;
				CLANG_WARN_COMMA = YES;
				CLANG_WARN_CONSTANT_CONVERSION = YES;
				CLANG_WARN_DEPRECATED_OBJC_IMPLEMENTATIONS = YES;
				CLANG_WARN_DIRECT_OBJC_ISA_USAGE = YES_ERROR;
				CLANG_WARN_DOCUMENTATION_COMMENTS = YES;
				CLANG_WARN_EMPTY_BODY = YES;
				CLANG_WARN_ENUM_CONVERSION = YES;
				CLANG_WARN_INFINITE_RECURSION = YES;
				CLANG_WARN_INT_CONVERSION = YES;
				CLANG_WARN_NON_LITERAL_NULL_CONVERSION = YES;
				CLANG_WARN_OBJC_IMPLICIT_RETAIN_SELF = YES;
				CLANG_WARN_OBJC_LITERAL_CONVERSION = YES;
				CLANG_WARN_OBJC_ROOT_CLASS = YES_ERROR;
				CLANG_WARN_QUOTED_INCLUDE_IN_FRAMEWORK_HEADER = YES;
				CLANG_WARN_RANGE_LOOP_ANALYSIS = YES;
				CLANG_WARN_STRICT_PROTOTYPES = YES;
				CLANG_WARN_SUSPICIOUS_MOVE = YES;
				CLANG_WARN_UNGUARDED_AVAILABILITY = YES_AGGRESSIVE;
				CLANG_WARN_UNREACHABLE_CODE = YES;
				CLANG_WARN__DUPLICATE_METHOD_MATCH = YES;
				COPY_PHASE_STRIP = NO;
				DEBUG_INFORMATION_FORMAT = "dwarf-with-dsym";
				ENABLE_NS_ASSERTIONS = NO;
				ENABLE_STRICT_OBJC_MSGSEND = YES;
				GCC_C_LANGUAGE_STANDARD = gnu11;
				GCC_NO_COMMON_BLOCKS = YES;
				GCC_WARN_64_TO_32_BIT_CONVERSION = YES;
				GCC_WARN_ABOUT_RETURN_TYPE = YES_ERROR;
				GCC_WARN_UNDECLARED_SELECTOR = YES;
				GCC_WARN_UNINITIALIZED_AUTOS = YES_AGGRESSIVE;
				GCC_WARN_UNUSED_FUNCTION = YES;
				GCC_WARN_UNUSED_VARIABLE = YES;
				IPHONEOS_DEPLOYMENT_TARGET = 15.5;
				MTL_ENABLE_DEBUG_INFO = NO;
				MTL_FAST_MATH = YES;
				SDKROOT = iphoneos;
				SWIFT_COMPILATION_MODE = wholemodule;
				SWIFT_OPTIMIZATION_LEVEL = "-O";
				VALIDATE_PRODUCT = YES;
			};
			name = Release;
		};
		F75E267B29069C6700682C8E /* Debug */ = {
			isa = XCBuildConfiguration;
			buildSettings = {
				ASSETCATALOG_COMPILER_APPICON_NAME = AppIcon;
				ASSETCATALOG_COMPILER_GLOBAL_ACCENT_COLOR_NAME = AccentColor;
				CODE_SIGN_STYLE = Automatic;
				CURRENT_PROJECT_VERSION = 1;
				DEVELOPMENT_TEAM = 8ZB49XM27T;
				GENERATE_INFOPLIST_FILE = YES;
				INFOPLIST_FILE = Brandol/Info.plist;
				INFOPLIST_KEY_UIApplicationSupportsIndirectInputEvents = YES;
				INFOPLIST_KEY_UILaunchStoryboardName = LaunchScreen;
				INFOPLIST_KEY_UIMainStoryboardFile = Main;
				INFOPLIST_KEY_UISupportedInterfaceOrientations_iPad = "UIInterfaceOrientationPortrait UIInterfaceOrientationPortraitUpsideDown UIInterfaceOrientationLandscapeLeft UIInterfaceOrientationLandscapeRight";
				INFOPLIST_KEY_UISupportedInterfaceOrientations_iPhone = "UIInterfaceOrientationPortrait UIInterfaceOrientationLandscapeLeft UIInterfaceOrientationLandscapeRight";
				LD_RUNPATH_SEARCH_PATHS = (
					"$(inherited)",
					"@executable_path/Frameworks",
				);
				MARKETING_VERSION = 1.0;
				PRODUCT_BUNDLE_IDENTIFIER = com.ko.Brandol;
				PRODUCT_NAME = "$(TARGET_NAME)";
				SWIFT_EMIT_LOC_STRINGS = YES;
				SWIFT_VERSION = 5.0;
				TARGETED_DEVICE_FAMILY = "1,2";
			};
			name = Debug;
		};
		F75E267C29069C6700682C8E /* Release */ = {
			isa = XCBuildConfiguration;
			buildSettings = {
				ASSETCATALOG_COMPILER_APPICON_NAME = AppIcon;
				ASSETCATALOG_COMPILER_GLOBAL_ACCENT_COLOR_NAME = AccentColor;
				CODE_SIGN_STYLE = Automatic;
				CURRENT_PROJECT_VERSION = 1;
				DEVELOPMENT_TEAM = 8ZB49XM27T;
				GENERATE_INFOPLIST_FILE = YES;
				INFOPLIST_FILE = Brandol/Info.plist;
				INFOPLIST_KEY_UIApplicationSupportsIndirectInputEvents = YES;
				INFOPLIST_KEY_UILaunchStoryboardName = LaunchScreen;
				INFOPLIST_KEY_UIMainStoryboardFile = Main;
				INFOPLIST_KEY_UISupportedInterfaceOrientations_iPad = "UIInterfaceOrientationPortrait UIInterfaceOrientationPortraitUpsideDown UIInterfaceOrientationLandscapeLeft UIInterfaceOrientationLandscapeRight";
				INFOPLIST_KEY_UISupportedInterfaceOrientations_iPhone = "UIInterfaceOrientationPortrait UIInterfaceOrientationLandscapeLeft UIInterfaceOrientationLandscapeRight";
				LD_RUNPATH_SEARCH_PATHS = (
					"$(inherited)",
					"@executable_path/Frameworks",
				);
				MARKETING_VERSION = 1.0;
				PRODUCT_BUNDLE_IDENTIFIER = com.ko.Brandol;
				PRODUCT_NAME = "$(TARGET_NAME)";
				SWIFT_EMIT_LOC_STRINGS = YES;
				SWIFT_VERSION = 5.0;
				TARGETED_DEVICE_FAMILY = "1,2";
			};
			name = Release;
		};
		F75E267E29069C6700682C8E /* Debug */ = {
			isa = XCBuildConfiguration;
			buildSettings = {
				ALWAYS_EMBED_SWIFT_STANDARD_LIBRARIES = YES;
				BUNDLE_LOADER = "$(TEST_HOST)";
				CODE_SIGN_STYLE = Automatic;
				CURRENT_PROJECT_VERSION = 1;
				DEVELOPMENT_TEAM = 8ZB49XM27T;
				GENERATE_INFOPLIST_FILE = YES;
				IPHONEOS_DEPLOYMENT_TARGET = 15.5;
				MARKETING_VERSION = 1.0;
				PRODUCT_BUNDLE_IDENTIFIER = com.ko.BrandolTests;
				PRODUCT_NAME = "$(TARGET_NAME)";
				SWIFT_EMIT_LOC_STRINGS = NO;
				SWIFT_VERSION = 5.0;
				TARGETED_DEVICE_FAMILY = "1,2";
				TEST_HOST = "$(BUILT_PRODUCTS_DIR)/Brandol.app/Brandol";
			};
			name = Debug;
		};
		F75E267F29069C6700682C8E /* Release */ = {
			isa = XCBuildConfiguration;
			buildSettings = {
				ALWAYS_EMBED_SWIFT_STANDARD_LIBRARIES = YES;
				BUNDLE_LOADER = "$(TEST_HOST)";
				CODE_SIGN_STYLE = Automatic;
				CURRENT_PROJECT_VERSION = 1;
				DEVELOPMENT_TEAM = 8ZB49XM27T;
				GENERATE_INFOPLIST_FILE = YES;
				IPHONEOS_DEPLOYMENT_TARGET = 15.5;
				MARKETING_VERSION = 1.0;
				PRODUCT_BUNDLE_IDENTIFIER = com.ko.BrandolTests;
				PRODUCT_NAME = "$(TARGET_NAME)";
				SWIFT_EMIT_LOC_STRINGS = NO;
				SWIFT_VERSION = 5.0;
				TARGETED_DEVICE_FAMILY = "1,2";
				TEST_HOST = "$(BUILT_PRODUCTS_DIR)/Brandol.app/Brandol";
			};
			name = Release;
		};
		F75E268129069C6700682C8E /* Debug */ = {
			isa = XCBuildConfiguration;
			buildSettings = {
				ALWAYS_EMBED_SWIFT_STANDARD_LIBRARIES = YES;
				CODE_SIGN_STYLE = Automatic;
				CURRENT_PROJECT_VERSION = 1;
				DEVELOPMENT_TEAM = 8ZB49XM27T;
				GENERATE_INFOPLIST_FILE = YES;
				MARKETING_VERSION = 1.0;
				PRODUCT_BUNDLE_IDENTIFIER = com.ko.BrandolUITests;
				PRODUCT_NAME = "$(TARGET_NAME)";
				SWIFT_EMIT_LOC_STRINGS = NO;
				SWIFT_VERSION = 5.0;
				TARGETED_DEVICE_FAMILY = "1,2";
				TEST_TARGET_NAME = Brandol;
			};
			name = Debug;
		};
		F75E268229069C6700682C8E /* Release */ = {
			isa = XCBuildConfiguration;
			buildSettings = {
				ALWAYS_EMBED_SWIFT_STANDARD_LIBRARIES = YES;
				CODE_SIGN_STYLE = Automatic;
				CURRENT_PROJECT_VERSION = 1;
				DEVELOPMENT_TEAM = 8ZB49XM27T;
				GENERATE_INFOPLIST_FILE = YES;
				MARKETING_VERSION = 1.0;
				PRODUCT_BUNDLE_IDENTIFIER = com.ko.BrandolUITests;
				PRODUCT_NAME = "$(TARGET_NAME)";
				SWIFT_EMIT_LOC_STRINGS = NO;
				SWIFT_VERSION = 5.0;
				TARGETED_DEVICE_FAMILY = "1,2";
				TEST_TARGET_NAME = Brandol;
			};
			name = Release;
		};
/* End XCBuildConfiguration section */

/* Begin XCConfigurationList section */
		F75E264B29069C6600682C8E /* Build configuration list for PBXProject "Brandol" */ = {
			isa = XCConfigurationList;
			buildConfigurations = (
				F75E267829069C6700682C8E /* Debug */,
				F75E267929069C6700682C8E /* Release */,
			);
			defaultConfigurationIsVisible = 0;
			defaultConfigurationName = Release;
		};
		F75E267A29069C6700682C8E /* Build configuration list for PBXNativeTarget "Brandol" */ = {
			isa = XCConfigurationList;
			buildConfigurations = (
				F75E267B29069C6700682C8E /* Debug */,
				F75E267C29069C6700682C8E /* Release */,
			);
			defaultConfigurationIsVisible = 0;
			defaultConfigurationName = Release;
		};
		F75E267D29069C6700682C8E /* Build configuration list for PBXNativeTarget "BrandolTests" */ = {
			isa = XCConfigurationList;
			buildConfigurations = (
				F75E267E29069C6700682C8E /* Debug */,
				F75E267F29069C6700682C8E /* Release */,
			);
			defaultConfigurationIsVisible = 0;
			defaultConfigurationName = Release;
		};
		F75E268029069C6700682C8E /* Build configuration list for PBXNativeTarget "BrandolUITests" */ = {
			isa = XCConfigurationList;
			buildConfigurations = (
				F75E268129069C6700682C8E /* Debug */,
				F75E268229069C6700682C8E /* Release */,
			);
			defaultConfigurationIsVisible = 0;
			defaultConfigurationName = Release;
		};
/* End XCConfigurationList section */
	};
	rootObject = F75E264829069C6600682C8E /* Project object */;
}
