// !$*UTF8*$!
{
	archiveVersion = 1;
	classes = {
	};
	objectVersion = 55;
	objects = {

/* Begin PBXBuildFile section */
		708A17DE0B87A0E058E1C8B0 /* Pods_APIClient.framework in Frameworks */ = {isa = PBXBuildFile; fileRef = 3AD3CE1DD629DFC242842A58 /* Pods_APIClient.framework */; };
		F6306751AC28471406D56EC1 /* Pods_APIClientTests.framework in Frameworks */ = {isa = PBXBuildFile; fileRef = 554440046DF775045DCF487D /* Pods_APIClientTests.framework */; };
		F75E269629069FDE00682C8E /* APIClient.framework in Frameworks */ = {isa = PBXBuildFile; fileRef = F75E268D29069FDE00682C8E /* APIClient.framework */; };
		F75E269B29069FDE00682C8E /* APIClientTests.swift in Sources */ = {isa = PBXBuildFile; fileRef = F75E269A29069FDE00682C8E /* APIClientTests.swift */; };
		F75E269C29069FDE00682C8E /* APIClient.h in Headers */ = {isa = PBXBuildFile; fileRef = F75E269029069FDE00682C8E /* APIClient.h */; settings = {ATTRIBUTES = (Public, ); }; };
		F75E26A62906A02E00682C8E /* APIClient.swift in Sources */ = {isa = PBXBuildFile; fileRef = F75E26A52906A02E00682C8E /* APIClient.swift */; };
		F75E26A92906A1E000682C8E /* HomeResponse.json in Resources */ = {isa = PBXBuildFile; fileRef = F75E26A82906A1E000682C8E /* HomeResponse.json */; };
		F75E26AC2906A21700682C8E /* HomeResponse.swift in Sources */ = {isa = PBXBuildFile; fileRef = F75E26AB2906A21700682C8E /* HomeResponse.swift */; };
		F75E26E02906C43000682C8E /* ProductResponse.swift in Sources */ = {isa = PBXBuildFile; fileRef = F75E26DF2906C43000682C8E /* ProductResponse.swift */; };
		F75E26EA2906C64E00682C8E /* ProductListResponse.json in Resources */ = {isa = PBXBuildFile; fileRef = F75E26E92906C64E00682C8E /* ProductListResponse.json */; };
		F75E26F42906E11000682C8E /* Product.json in Resources */ = {isa = PBXBuildFile; fileRef = F75E26F32906E11000682C8E /* Product.json */; };
/* End PBXBuildFile section */

/* Begin PBXContainerItemProxy section */
		F75E269729069FDE00682C8E /* PBXContainerItemProxy */ = {
			isa = PBXContainerItemProxy;
			containerPortal = F75E268429069FDE00682C8E /* Project object */;
			proxyType = 1;
			remoteGlobalIDString = F75E268C29069FDE00682C8E;
			remoteInfo = APIClient;
		};
/* End PBXContainerItemProxy section */

/* Begin PBXFileReference section */
		39B3B81F16C70E74A7A0503F /* Pods-APIClientTests.debug.xcconfig */ = {isa = PBXFileReference; includeInIndex = 1; lastKnownFileType = text.xcconfig; name = "Pods-APIClientTests.debug.xcconfig"; path = "Target Support Files/Pods-APIClientTests/Pods-APIClientTests.debug.xcconfig"; sourceTree = "<group>"; };
		3AD3CE1DD629DFC242842A58 /* Pods_APIClient.framework */ = {isa = PBXFileReference; explicitFileType = wrapper.framework; includeInIndex = 0; path = Pods_APIClient.framework; sourceTree = BUILT_PRODUCTS_DIR; };
		554440046DF775045DCF487D /* Pods_APIClientTests.framework */ = {isa = PBXFileReference; explicitFileType = wrapper.framework; includeInIndex = 0; path = Pods_APIClientTests.framework; sourceTree = BUILT_PRODUCTS_DIR; };
		9901678BBC725EF8A8768DE9 /* Pods-APIClientTests.release.xcconfig */ = {isa = PBXFileReference; includeInIndex = 1; lastKnownFileType = text.xcconfig; name = "Pods-APIClientTests.release.xcconfig"; path = "Target Support Files/Pods-APIClientTests/Pods-APIClientTests.release.xcconfig"; sourceTree = "<group>"; };
		A5415DC81B490593CCDE91B2 /* Pods-APIClient.release.xcconfig */ = {isa = PBXFileReference; includeInIndex = 1; lastKnownFileType = text.xcconfig; name = "Pods-APIClient.release.xcconfig"; path = "Target Support Files/Pods-APIClient/Pods-APIClient.release.xcconfig"; sourceTree = "<group>"; };
		F75E268D29069FDE00682C8E /* APIClient.framework */ = {isa = PBXFileReference; explicitFileType = wrapper.framework; includeInIndex = 0; path = APIClient.framework; sourceTree = BUILT_PRODUCTS_DIR; };
		F75E269029069FDE00682C8E /* APIClient.h */ = {isa = PBXFileReference; lastKnownFileType = sourcecode.c.h; path = APIClient.h; sourceTree = "<group>"; };
		F75E269529069FDE00682C8E /* APIClientTests.xctest */ = {isa = PBXFileReference; explicitFileType = wrapper.cfbundle; includeInIndex = 0; path = APIClientTests.xctest; sourceTree = BUILT_PRODUCTS_DIR; };
		F75E269A29069FDE00682C8E /* APIClientTests.swift */ = {isa = PBXFileReference; lastKnownFileType = sourcecode.swift; path = APIClientTests.swift; sourceTree = "<group>"; };
		F75E26A52906A02E00682C8E /* APIClient.swift */ = {isa = PBXFileReference; lastKnownFileType = sourcecode.swift; path = APIClient.swift; sourceTree = "<group>"; };
		F75E26A82906A1E000682C8E /* HomeResponse.json */ = {isa = PBXFileReference; lastKnownFileType = text.json; path = HomeResponse.json; sourceTree = "<group>"; };
		F75E26AB2906A21700682C8E /* HomeResponse.swift */ = {isa = PBXFileReference; lastKnownFileType = sourcecode.swift; path = HomeResponse.swift; sourceTree = "<group>"; };
		F75E26DF2906C43000682C8E /* ProductResponse.swift */ = {isa = PBXFileReference; lastKnownFileType = sourcecode.swift; path = ProductResponse.swift; sourceTree = "<group>"; };
		F75E26E92906C64E00682C8E /* ProductListResponse.json */ = {isa = PBXFileReference; lastKnownFileType = text.json; path = ProductListResponse.json; sourceTree = "<group>"; };
		F75E26F32906E11000682C8E /* Product.json */ = {isa = PBXFileReference; lastKnownFileType = text.json; path = Product.json; sourceTree = "<group>"; };
		FFEB3C5FC35CB3BE458DAC98 /* Pods-APIClient.debug.xcconfig */ = {isa = PBXFileReference; includeInIndex = 1; lastKnownFileType = text.xcconfig; name = "Pods-APIClient.debug.xcconfig"; path = "Target Support Files/Pods-APIClient/Pods-APIClient.debug.xcconfig"; sourceTree = "<group>"; };
/* End PBXFileReference section */

/* Begin PBXFrameworksBuildPhase section */
		F75E268A29069FDE00682C8E /* Frameworks */ = {
			isa = PBXFrameworksBuildPhase;
			buildActionMask = 2147483647;
			files = (
				708A17DE0B87A0E058E1C8B0 /* Pods_APIClient.framework in Frameworks */,
			);
			runOnlyForDeploymentPostprocessing = 0;
		};
		F75E269229069FDE00682C8E /* Frameworks */ = {
			isa = PBXFrameworksBuildPhase;
			buildActionMask = 2147483647;
			files = (
				F75E269629069FDE00682C8E /* APIClient.framework in Frameworks */,
				F6306751AC28471406D56EC1 /* Pods_APIClientTests.framework in Frameworks */,
			);
			runOnlyForDeploymentPostprocessing = 0;
		};
/* End PBXFrameworksBuildPhase section */

/* Begin PBXGroup section */
		5EFAF449D6E7060385D5E023 /* Frameworks */ = {
			isa = PBXGroup;
			children = (
				3AD3CE1DD629DFC242842A58 /* Pods_APIClient.framework */,
				554440046DF775045DCF487D /* Pods_APIClientTests.framework */,
			);
			name = Frameworks;
			sourceTree = "<group>";
		};
		892782D83537F071A8CA6F90 /* Pods */ = {
			isa = PBXGroup;
			children = (
				FFEB3C5FC35CB3BE458DAC98 /* Pods-APIClient.debug.xcconfig */,
				A5415DC81B490593CCDE91B2 /* Pods-APIClient.release.xcconfig */,
				39B3B81F16C70E74A7A0503F /* Pods-APIClientTests.debug.xcconfig */,
				9901678BBC725EF8A8768DE9 /* Pods-APIClientTests.release.xcconfig */,
			);
			name = Pods;
			path = ../Pods;
			sourceTree = "<group>";
		};
		F75E268329069FDE00682C8E = {
			isa = PBXGroup;
			children = (
				F75E268F29069FDE00682C8E /* APIClient */,
				F75E269929069FDE00682C8E /* APIClientTests */,
				F75E268E29069FDE00682C8E /* Products */,
				892782D83537F071A8CA6F90 /* Pods */,
				5EFAF449D6E7060385D5E023 /* Frameworks */,
			);
			sourceTree = "<group>";
		};
		F75E268E29069FDE00682C8E /* Products */ = {
			isa = PBXGroup;
			children = (
				F75E268D29069FDE00682C8E /* APIClient.framework */,
				F75E269529069FDE00682C8E /* APIClientTests.xctest */,
			);
			name = Products;
			sourceTree = "<group>";
		};
		F75E268F29069FDE00682C8E /* APIClient */ = {
			isa = PBXGroup;
			children = (
				F75E26AA2906A20A00682C8E /* Model */,
				F75E26A72906A1C900682C8E /* JSON */,
				F75E26A52906A02E00682C8E /* APIClient.swift */,
				F75E269029069FDE00682C8E /* APIClient.h */,
			);
			path = APIClient;
			sourceTree = "<group>";
		};
		F75E269929069FDE00682C8E /* APIClientTests */ = {
			isa = PBXGroup;
			children = (
				F75E269A29069FDE00682C8E /* APIClientTests.swift */,
			);
			path = APIClientTests;
			sourceTree = "<group>";
		};
		F75E26A72906A1C900682C8E /* JSON */ = {
			isa = PBXGroup;
			children = (
				F75E26A82906A1E000682C8E /* HomeResponse.json */,
				F75E26E92906C64E00682C8E /* ProductListResponse.json */,
				F75E26F32906E11000682C8E /* Product.json */,
			);
			path = JSON;
			sourceTree = "<group>";
		};
		F75E26AA2906A20A00682C8E /* Model */ = {
			isa = PBXGroup;
			children = (
				F75E26AB2906A21700682C8E /* HomeResponse.swift */,
				F75E26DF2906C43000682C8E /* ProductResponse.swift */,
			);
			path = Model;
			sourceTree = "<group>";
		};
/* End PBXGroup section */

/* Begin PBXHeadersBuildPhase section */
		F75E268829069FDE00682C8E /* Headers */ = {
			isa = PBXHeadersBuildPhase;
			buildActionMask = 2147483647;
			files = (
				F75E269C29069FDE00682C8E /* APIClient.h in Headers */,
			);
			runOnlyForDeploymentPostprocessing = 0;
		};
/* End PBXHeadersBuildPhase section */

/* Begin PBXNativeTarget section */
		F75E268C29069FDE00682C8E /* APIClient */ = {
			isa = PBXNativeTarget;
			buildConfigurationList = F75E269F29069FDE00682C8E /* Build configuration list for PBXNativeTarget "APIClient" */;
			buildPhases = (
				1CF4F1F187B0D392C489443D /* [CP] Check Pods Manifest.lock */,
				F75E268829069FDE00682C8E /* Headers */,
				F75E268929069FDE00682C8E /* Sources */,
				F75E268A29069FDE00682C8E /* Frameworks */,
				F75E268B29069FDE00682C8E /* Resources */,
			);
			buildRules = (
			);
			dependencies = (
			);
			name = APIClient;
			productName = APIClient;
			productReference = F75E268D29069FDE00682C8E /* APIClient.framework */;
			productType = "com.apple.product-type.framework";
		};
		F75E269429069FDE00682C8E /* APIClientTests */ = {
			isa = PBXNativeTarget;
			buildConfigurationList = F75E26A229069FDE00682C8E /* Build configuration list for PBXNativeTarget "APIClientTests" */;
			buildPhases = (
				B0C76DF93E3575A73C3E1BBD /* [CP] Check Pods Manifest.lock */,
				F75E269129069FDE00682C8E /* Sources */,
				F75E269229069FDE00682C8E /* Frameworks */,
				F75E269329069FDE00682C8E /* Resources */,
			);
			buildRules = (
			);
			dependencies = (
				F75E269829069FDE00682C8E /* PBXTargetDependency */,
			);
			name = APIClientTests;
			productName = APIClientTests;
			productReference = F75E269529069FDE00682C8E /* APIClientTests.xctest */;
			productType = "com.apple.product-type.bundle.unit-test";
		};
/* End PBXNativeTarget section */

/* Begin PBXProject section */
		F75E268429069FDE00682C8E /* Project object */ = {
			isa = PBXProject;
			attributes = {
				BuildIndependentTargetsInParallel = 1;
				LastSwiftUpdateCheck = 1340;
				LastUpgradeCheck = 1340;
				TargetAttributes = {
					F75E268C29069FDE00682C8E = {
						CreatedOnToolsVersion = 13.4.1;
						LastSwiftMigration = 1340;
					};
					F75E269429069FDE00682C8E = {
						CreatedOnToolsVersion = 13.4.1;
					};
				};
			};
			buildConfigurationList = F75E268729069FDE00682C8E /* Build configuration list for PBXProject "APIClient" */;
			compatibilityVersion = "Xcode 13.0";
			developmentRegion = en;
			hasScannedForEncodings = 0;
			knownRegions = (
				en,
				Base,
			);
			mainGroup = F75E268329069FDE00682C8E;
			productRefGroup = F75E268E29069FDE00682C8E /* Products */;
			projectDirPath = "";
			projectRoot = "";
			targets = (
				F75E268C29069FDE00682C8E /* APIClient */,
				F75E269429069FDE00682C8E /* APIClientTests */,
			);
		};
/* End PBXProject section */

/* Begin PBXResourcesBuildPhase section */
		F75E268B29069FDE00682C8E /* Resources */ = {
			isa = PBXResourcesBuildPhase;
			buildActionMask = 2147483647;
			files = (
				F75E26EA2906C64E00682C8E /* ProductListResponse.json in Resources */,
				F75E26F42906E11000682C8E /* Product.json in Resources */,
				F75E26A92906A1E000682C8E /* HomeResponse.json in Resources */,
			);
			runOnlyForDeploymentPostprocessing = 0;
		};
		F75E269329069FDE00682C8E /* Resources */ = {
			isa = PBXResourcesBuildPhase;
			buildActionMask = 2147483647;
			files = (
			);
			runOnlyForDeploymentPostprocessing = 0;
		};
/* End PBXResourcesBuildPhase section */

/* Begin PBXShellScriptBuildPhase section */
		1CF4F1F187B0D392C489443D /* [CP] Check Pods Manifest.lock */ = {
			isa = PBXShellScriptBuildPhase;
			buildActionMask = 2147483647;
			files = (
			);
			inputFileListPaths = (
			);
			inputPaths = (
				"${PODS_PODFILE_DIR_PATH}/Podfile.lock",
				"${PODS_ROOT}/Manifest.lock",
			);
			name = "[CP] Check Pods Manifest.lock";
			outputFileListPaths = (
			);
			outputPaths = (
				"$(DERIVED_FILE_DIR)/Pods-APIClient-checkManifestLockResult.txt",
			);
			runOnlyForDeploymentPostprocessing = 0;
			shellPath = /bin/sh;
			shellScript = "diff \"${PODS_PODFILE_DIR_PATH}/Podfile.lock\" \"${PODS_ROOT}/Manifest.lock\" > /dev/null\nif [ $? != 0 ] ; then\n    # print error to STDERR\n    echo \"error: The sandbox is not in sync with the Podfile.lock. Run 'pod install' or update your CocoaPods installation.\" >&2\n    exit 1\nfi\n# This output is used by Xcode 'outputs' to avoid re-running this script phase.\necho \"SUCCESS\" > \"${SCRIPT_OUTPUT_FILE_0}\"\n";
			showEnvVarsInLog = 0;
		};
		B0C76DF93E3575A73C3E1BBD /* [CP] Check Pods Manifest.lock */ = {
			isa = PBXShellScriptBuildPhase;
			buildActionMask = 2147483647;
			files = (
			);
			inputFileListPaths = (
			);
			inputPaths = (
				"${PODS_PODFILE_DIR_PATH}/Podfile.lock",
				"${PODS_ROOT}/Manifest.lock",
			);
			name = "[CP] Check Pods Manifest.lock";
			outputFileListPaths = (
			);
			outputPaths = (
				"$(DERIVED_FILE_DIR)/Pods-APIClientTests-checkManifestLockResult.txt",
			);
			runOnlyForDeploymentPostprocessing = 0;
			shellPath = /bin/sh;
			shellScript = "diff \"${PODS_PODFILE_DIR_PATH}/Podfile.lock\" \"${PODS_ROOT}/Manifest.lock\" > /dev/null\nif [ $? != 0 ] ; then\n    # print error to STDERR\n    echo \"error: The sandbox is not in sync with the Podfile.lock. Run 'pod install' or update your CocoaPods installation.\" >&2\n    exit 1\nfi\n# This output is used by Xcode 'outputs' to avoid re-running this script phase.\necho \"SUCCESS\" > \"${SCRIPT_OUTPUT_FILE_0}\"\n";
			showEnvVarsInLog = 0;
		};
/* End PBXShellScriptBuildPhase section */

/* Begin PBXSourcesBuildPhase section */
		F75E268929069FDE00682C8E /* Sources */ = {
			isa = PBXSourcesBuildPhase;
			buildActionMask = 2147483647;
			files = (
				F75E26E02906C43000682C8E /* ProductResponse.swift in Sources */,
				F75E26A62906A02E00682C8E /* APIClient.swift in Sources */,
				F75E26AC2906A21700682C8E /* HomeResponse.swift in Sources */,
			);
			runOnlyForDeploymentPostprocessing = 0;
		};
		F75E269129069FDE00682C8E /* Sources */ = {
			isa = PBXSourcesBuildPhase;
			buildActionMask = 2147483647;
			files = (
				F75E269B29069FDE00682C8E /* APIClientTests.swift in Sources */,
			);
			runOnlyForDeploymentPostprocessing = 0;
		};
/* End PBXSourcesBuildPhase section */

/* Begin PBXTargetDependency section */
		F75E269829069FDE00682C8E /* PBXTargetDependency */ = {
			isa = PBXTargetDependency;
			target = F75E268C29069FDE00682C8E /* APIClient */;
			targetProxy = F75E269729069FDE00682C8E /* PBXContainerItemProxy */;
		};
/* End PBXTargetDependency section */

/* Begin XCBuildConfiguration section */
		F75E269D29069FDE00682C8E /* Debug */ = {
			isa = XCBuildConfiguration;
			buildSettings = {
				ALWAYS_SEARCH_USER_PATHS = NO;
				CLANG_ANALYZER_NONNULL = YES;
				CLANG_ANALYZER_NUMBER_OBJECT_CONVERSION = YES_AGGRESSIVE;
				CLANG_CXX_LANGUAGE_STANDARD = "gnu++17";
				CLANG_ENABLE_MODULES = YES;
				CLANG_ENABLE_OBJC_ARC = YES;
				CLANG_ENABLE_OBJC_WEAK = YES;
				CLANG_WARN_BLOCK_CAPTURE_AUTORELEASING = YES;
				CLANG_WARN_BOOL_CONVERSION = YES;
				CLANG_WARN_COMMA = YES;
				CLANG_WARN_CONSTANT_CONVERSION = YES;
				CLANG_WARN_DEPRECATED_OBJC_IMPLEMENTATIONS = YES;
				CLANG_WARN_DIRECT_OBJC_ISA_USAGE = YES_ERROR;
				CLANG_WARN_DOCUMENTATION_COMMENTS = YES;
				CLANG_WARN_EMPTY_BODY = YES;
				CLANG_WARN_ENUM_CONVERSION = YES;
				CLANG_WARN_INFINITE_RECURSION = YES;
				CLANG_WARN_INT_CONVERSION = YES;
				CLANG_WARN_NON_LITERAL_NULL_CONVERSION = YES;
				CLANG_WARN_OBJC_IMPLICIT_RETAIN_SELF = YES;
				CLANG_WARN_OBJC_LITERAL_CONVERSION = YES;
				CLANG_WARN_OBJC_ROOT_CLASS = YES_ERROR;
				CLANG_WARN_QUOTED_INCLUDE_IN_FRAMEWORK_HEADER = YES;
				CLANG_WARN_RANGE_LOOP_ANALYSIS = YES;
				CLANG_WARN_STRICT_PROTOTYPES = YES;
				CLANG_WARN_SUSPICIOUS_MOVE = YES;
				CLANG_WARN_UNGUARDED_AVAILABILITY = YES_AGGRESSIVE;
				CLANG_WARN_UNREACHABLE_CODE = YES;
				CLANG_WARN__DUPLICATE_METHOD_MATCH = YES;
				COPY_PHASE_STRIP = NO;
				CURRENT_PROJECT_VERSION = 1;
				DEBUG_INFORMATION_FORMAT = dwarf;
				ENABLE_STRICT_OBJC_MSGSEND = YES;
				ENABLE_TESTABILITY = YES;
				GCC_C_LANGUAGE_STANDARD = gnu11;
				GCC_DYNAMIC_NO_PIC = NO;
				GCC_NO_COMMON_BLOCKS = YES;
				GCC_OPTIMIZATION_LEVEL = 0;
				GCC_PREPROCESSOR_DEFINITIONS = (
					"DEBUG=1",
					"$(inherited)",
				);
				GCC_WARN_64_TO_32_BIT_CONVERSION = YES;
				GCC_WARN_ABOUT_RETURN_TYPE = YES_ERROR;
				GCC_WARN_UNDECLARED_SELECTOR = YES;
				GCC_WARN_UNINITIALIZED_AUTOS = YES_AGGRESSIVE;
				GCC_WARN_UNUSED_FUNCTION = YES;
				GCC_WARN_UNUSED_VARIABLE = YES;
				IPHONEOS_DEPLOYMENT_TARGET = 15.5;
				MTL_ENABLE_DEBUG_INFO = INCLUDE_SOURCE;
				MTL_FAST_MATH = YES;
				ONLY_ACTIVE_ARCH = YES;
				SDKROOT = iphoneos;
				SWIFT_ACTIVE_COMPILATION_CONDITIONS = DEBUG;
				SWIFT_OPTIMIZATION_LEVEL = "-Onone";
				VERSIONING_SYSTEM = "apple-generic";
				VERSION_INFO_PREFIX = "";
			};
			name = Debug;
		};
		F75E269E29069FDE00682C8E /* Release */ = {
			isa = XCBuildConfiguration;
			buildSettings = {
				ALWAYS_SEARCH_USER_PATHS = NO;
				CLANG_ANALYZER_NONNULL = YES;
				CLANG_ANALYZER_NUMBER_OBJECT_CONVERSION = YES_AGGRESSIVE;
				CLANG_CXX_LANGUAGE_STANDARD = "gnu++17";
				CLANG_ENABLE_MODULES = YES;
				CLANG_ENABLE_OBJC_ARC = YES;
				CLANG_ENABLE_OBJC_WEAK = YES;
				CLANG_WARN_BLOCK_CAPTURE_AUTORELEASING = YES;
				CLANG_WARN_BOOL_CONVERSION = YES;
				CLANG_WARN_COMMA = YES;
				CLANG_WARN_CONSTANT_CONVERSION = YES;
				CLANG_WARN_DEPRECATED_OBJC_IMPLEMENTATIONS = YES;
				CLANG_WARN_DIRECT_OBJC_ISA_USAGE = YES_ERROR;
				CLANG_WARN_DOCUMENTATION_COMMENTS = YES;
				CLANG_WARN_EMPTY_BODY = YES;
				CLANG_WARN_ENUM_CONVERSION = YES;
				CLANG_WARN_INFINITE_RECURSION = YES;
				CLANG_WARN_INT_CONVERSION = YES;
				CLANG_WARN_NON_LITERAL_NULL_CONVERSION = YES;
				CLANG_WARN_OBJC_IMPLICIT_RETAIN_SELF = YES;
				CLANG_WARN_OBJC_LITERAL_CONVERSION = YES;
				CLANG_WARN_OBJC_ROOT_CLASS = YES_ERROR;
				CLANG_WARN_QUOTED_INCLUDE_IN_FRAMEWORK_HEADER = YES;
				CLANG_WARN_RANGE_LOOP_ANALYSIS = YES;
				CLANG_WARN_STRICT_PROTOTYPES = YES;
				CLANG_WARN_SUSPICIOUS_MOVE = YES;
				CLANG_WARN_UNGUARDED_AVAILABILITY = YES_AGGRESSIVE;
				CLANG_WARN_UNREACHABLE_CODE = YES;
				CLANG_WARN__DUPLICATE_METHOD_MATCH = YES;
				COPY_PHASE_STRIP = NO;
				CURRENT_PROJECT_VERSION = 1;
				DEBUG_INFORMATION_FORMAT = "dwarf-with-dsym";
				ENABLE_NS_ASSERTIONS = NO;
				ENABLE_STRICT_OBJC_MSGSEND = YES;
				GCC_C_LANGUAGE_STANDARD = gnu11;
				GCC_NO_COMMON_BLOCKS = YES;
				GCC_WARN_64_TO_32_BIT_CONVERSION = YES;
				GCC_WARN_ABOUT_RETURN_TYPE = YES_ERROR;
				GCC_WARN_UNDECLARED_SELECTOR = YES;
				GCC_WARN_UNINITIALIZED_AUTOS = YES_AGGRESSIVE;
				GCC_WARN_UNUSED_FUNCTION = YES;
				GCC_WARN_UNUSED_VARIABLE = YES;
				IPHONEOS_DEPLOYMENT_TARGET = 15.5;
				MTL_ENABLE_DEBUG_INFO = NO;
				MTL_FAST_MATH = YES;
				SDKROOT = iphoneos;
				SWIFT_COMPILATION_MODE = wholemodule;
				SWIFT_OPTIMIZATION_LEVEL = "-O";
				VALIDATE_PRODUCT = YES;
				VERSIONING_SYSTEM = "apple-generic";
				VERSION_INFO_PREFIX = "";
			};
			name = Release;
		};
		F75E26A029069FDE00682C8E /* Debug */ = {
			isa = XCBuildConfiguration;
			baseConfigurationReference = FFEB3C5FC35CB3BE458DAC98 /* Pods-APIClient.debug.xcconfig */;
			buildSettings = {
				CLANG_ENABLE_MODULES = YES;
				CODE_SIGN_STYLE = Automatic;
				CURRENT_PROJECT_VERSION = 1;
				DEFINES_MODULE = YES;
				DEVELOPMENT_TEAM = 8ZB49XM27T;
				DYLIB_COMPATIBILITY_VERSION = 1;
				DYLIB_CURRENT_VERSION = 1;
				DYLIB_INSTALL_NAME_BASE = "@rpath";
				GENERATE_INFOPLIST_FILE = YES;
				INFOPLIST_KEY_NSHumanReadableCopyright = "";
				INSTALL_PATH = "$(LOCAL_LIBRARY_DIR)/Frameworks";
				LD_RUNPATH_SEARCH_PATHS = (
					"$(inherited)",
					"@executable_path/Frameworks",
					"@loader_path/Frameworks",
				);
				MARKETING_VERSION = 1.0;
				PRODUCT_BUNDLE_IDENTIFIER = com.ko.APIClient;
				PRODUCT_NAME = "$(TARGET_NAME:c99extidentifier)";
				SKIP_INSTALL = YES;
				SWIFT_EMIT_LOC_STRINGS = YES;
				SWIFT_OPTIMIZATION_LEVEL = "-Onone";
				SWIFT_VERSION = 5.0;
				TARGETED_DEVICE_FAMILY = "1,2";
			};
			name = Debug;
		};
		F75E26A129069FDE00682C8E /* Release */ = {
			isa = XCBuildConfiguration;
			baseConfigurationReference = A5415DC81B490593CCDE91B2 /* Pods-APIClient.release.xcconfig */;
			buildSettings = {
				CLANG_ENABLE_MODULES = YES;
				CODE_SIGN_STYLE = Automatic;
				CURRENT_PROJECT_VERSION = 1;
				DEFINES_MODULE = YES;
				DEVELOPMENT_TEAM = 8ZB49XM27T;
				DYLIB_COMPATIBILITY_VERSION = 1;
				DYLIB_CURRENT_VERSION = 1;
				DYLIB_INSTALL_NAME_BASE = "@rpath";
				GENERATE_INFOPLIST_FILE = YES;
				INFOPLIST_KEY_NSHumanReadableCopyright = "";
				INSTALL_PATH = "$(LOCAL_LIBRARY_DIR)/Frameworks";
				LD_RUNPATH_SEARCH_PATHS = (
					"$(inherited)",
					"@executable_path/Frameworks",
					"@loader_path/Frameworks",
				);
				MARKETING_VERSION = 1.0;
				PRODUCT_BUNDLE_IDENTIFIER = com.ko.APIClient;
				PRODUCT_NAME = "$(TARGET_NAME:c99extidentifier)";
				SKIP_INSTALL = YES;
				SWIFT_EMIT_LOC_STRINGS = YES;
				SWIFT_VERSION = 5.0;
				TARGETED_DEVICE_FAMILY = "1,2";
			};
			name = Release;
		};
		F75E26A329069FDE00682C8E /* Debug */ = {
			isa = XCBuildConfiguration;
			baseConfigurationReference = 39B3B81F16C70E74A7A0503F /* Pods-APIClientTests.debug.xcconfig */;
			buildSettings = {
				ALWAYS_EMBED_SWIFT_STANDARD_LIBRARIES = YES;
				CODE_SIGN_STYLE = Automatic;
				CURRENT_PROJECT_VERSION = 1;
				DEVELOPMENT_TEAM = 8ZB49XM27T;
				GENERATE_INFOPLIST_FILE = YES;
				MARKETING_VERSION = 1.0;
				PRODUCT_BUNDLE_IDENTIFIER = com.ko.APIClientTests;
				PRODUCT_NAME = "$(TARGET_NAME)";
				SWIFT_EMIT_LOC_STRINGS = NO;
				SWIFT_VERSION = 5.0;
				TARGETED_DEVICE_FAMILY = "1,2";
			};
			name = Debug;
		};
		F75E26A429069FDE00682C8E /* Release */ = {
			isa = XCBuildConfiguration;
			baseConfigurationReference = 9901678BBC725EF8A8768DE9 /* Pods-APIClientTests.release.xcconfig */;
			buildSettings = {
				ALWAYS_EMBED_SWIFT_STANDARD_LIBRARIES = YES;
				CODE_SIGN_STYLE = Automatic;
				CURRENT_PROJECT_VERSION = 1;
				DEVELOPMENT_TEAM = 8ZB49XM27T;
				GENERATE_INFOPLIST_FILE = YES;
				MARKETING_VERSION = 1.0;
				PRODUCT_BUNDLE_IDENTIFIER = com.ko.APIClientTests;
				PRODUCT_NAME = "$(TARGET_NAME)";
				SWIFT_EMIT_LOC_STRINGS = NO;
				SWIFT_VERSION = 5.0;
				TARGETED_DEVICE_FAMILY = "1,2";
			};
			name = Release;
		};
/* End XCBuildConfiguration section */

/* Begin XCConfigurationList section */
		F75E268729069FDE00682C8E /* Build configuration list for PBXProject "APIClient" */ = {
			isa = XCConfigurationList;
			buildConfigurations = (
				F75E269D29069FDE00682C8E /* Debug */,
				F75E269E29069FDE00682C8E /* Release */,
			);
			defaultConfigurationIsVisible = 0;
			defaultConfigurationName = Release;
		};
		F75E269F29069FDE00682C8E /* Build configuration list for PBXNativeTarget "APIClient" */ = {
			isa = XCConfigurationList;
			buildConfigurations = (
				F75E26A029069FDE00682C8E /* Debug */,
				F75E26A129069FDE00682C8E /* Release */,
			);
			defaultConfigurationIsVisible = 0;
			defaultConfigurationName = Release;
		};
		F75E26A229069FDE00682C8E /* Build configuration list for PBXNativeTarget "APIClientTests" */ = {
			isa = XCConfigurationList;
			buildConfigurations = (
				F75E26A329069FDE00682C8E /* Debug */,
				F75E26A429069FDE00682C8E /* Release */,
			);
			defaultConfigurationIsVisible = 0;
			defaultConfigurationName = Release;
		};
/* End XCConfigurationList section */
	};
	rootObject = F75E268429069FDE00682C8E /* Project object */;
}
